<?xml version="1.0" encoding="UTF-8"?>
<CodeBlocks_project_file>
	<FileVersion major="1" minor="6"/>
	<Project>
		<Option title="Common"/>
		<Option makefile_is_custom="1"/>
		<Option compiler="gcc"/>
		<Option virtualFolders="CMake Files\;CMake Files\..\;CMake Files\..\cotire\;CMake Files\..\cotire\CMake\;CMake Files\src\;CMake Files\src\image\;CMake Files\src\math\;CMake Files\src\ui\;"/>
		<Build>
			<Target title="all">
				<Option working_dir="/mnt/win_d/projects/libCommon"/>
				<Option type="4"/>
				<MakeCommands>
					<Build command="/usr/bin/make -j4 -f &quot;/mnt/win_d/projects/libCommon/Makefile&quot;  VERBOSE=1 all"/>
					<CompileFile command="/usr/bin/make -j4 -f &quot;/mnt/win_d/projects/libCommon/Makefile&quot;  VERBOSE=1 &quot;$file&quot;"/>
					<Clean command="/usr/bin/make -j4 -f &quot;/mnt/win_d/projects/libCommon/Makefile&quot;  VERBOSE=1 clean"/>
					<DistClean command="/usr/bin/make -j4 -f &quot;/mnt/win_d/projects/libCommon/Makefile&quot;  VERBOSE=1 clean"/>
				</MakeCommands>
			</Target>
			<Target title="install/strip">
				<Option working_dir="/mnt/win_d/projects/libCommon"/>
				<Option type="4"/>
				<MakeCommands>
					<Build command="/usr/bin/make -j4 -f &quot;/mnt/win_d/projects/libCommon/Makefile&quot;  VERBOSE=1 install/strip"/>
					<CompileFile command="/usr/bin/make -j4 -f &quot;/mnt/win_d/projects/libCommon/Makefile&quot;  VERBOSE=1 &quot;$file&quot;"/>
					<Clean command="/usr/bin/make -j4 -f &quot;/mnt/win_d/projects/libCommon/Makefile&quot;  VERBOSE=1 clean"/>
					<DistClean command="/usr/bin/make -j4 -f &quot;/mnt/win_d/projects/libCommon/Makefile&quot;  VERBOSE=1 clean"/>
				</MakeCommands>
			</Target>
			<Target title="install/local">
				<Option working_dir="/mnt/win_d/projects/libCommon"/>
				<Option type="4"/>
				<MakeCommands>
					<Build command="/usr/bin/make -j4 -f &quot;/mnt/win_d/projects/libCommon/Makefile&quot;  VERBOSE=1 install/local"/>
					<CompileFile command="/usr/bin/make -j4 -f &quot;/mnt/win_d/projects/libCommon/Makefile&quot;  VERBOSE=1 &quot;$file&quot;"/>
					<Clean command="/usr/bin/make -j4 -f &quot;/mnt/win_d/projects/libCommon/Makefile&quot;  VERBOSE=1 clean"/>
					<DistClean command="/usr/bin/make -j4 -f &quot;/mnt/win_d/projects/libCommon/Makefile&quot;  VERBOSE=1 clean"/>
				</MakeCommands>
			</Target>
			<Target title="package_source">
				<Option working_dir="/mnt/win_d/projects/libCommon"/>
				<Option type="4"/>
				<MakeCommands>
					<Build command="/usr/bin/make -j4 -f &quot;/mnt/win_d/projects/libCommon/Makefile&quot;  VERBOSE=1 package_source"/>
					<CompileFile command="/usr/bin/make -j4 -f &quot;/mnt/win_d/projects/libCommon/Makefile&quot;  VERBOSE=1 &quot;$file&quot;"/>
					<Clean command="/usr/bin/make -j4 -f &quot;/mnt/win_d/projects/libCommon/Makefile&quot;  VERBOSE=1 clean"/>
					<DistClean command="/usr/bin/make -j4 -f &quot;/mnt/win_d/projects/libCommon/Makefile&quot;  VERBOSE=1 clean"/>
				</MakeCommands>
			</Target>
			<Target title="package">
				<Option working_dir="/mnt/win_d/projects/libCommon"/>
				<Option type="4"/>
				<MakeCommands>
					<Build command="/usr/bin/make -j4 -f &quot;/mnt/win_d/projects/libCommon/Makefile&quot;  VERBOSE=1 package"/>
					<CompileFile command="/usr/bin/make -j4 -f &quot;/mnt/win_d/projects/libCommon/Makefile&quot;  VERBOSE=1 &quot;$file&quot;"/>
					<Clean command="/usr/bin/make -j4 -f &quot;/mnt/win_d/projects/libCommon/Makefile&quot;  VERBOSE=1 clean"/>
					<DistClean command="/usr/bin/make -j4 -f &quot;/mnt/win_d/projects/libCommon/Makefile&quot;  VERBOSE=1 clean"/>
				</MakeCommands>
			</Target>
			<Target title="install">
				<Option working_dir="/mnt/win_d/projects/libCommon"/>
				<Option type="4"/>
				<MakeCommands>
					<Build command="/usr/bin/make -j4 -f &quot;/mnt/win_d/projects/libCommon/Makefile&quot;  VERBOSE=1 install"/>
					<CompileFile command="/usr/bin/make -j4 -f &quot;/mnt/win_d/projects/libCommon/Makefile&quot;  VERBOSE=1 &quot;$file&quot;"/>
					<Clean command="/usr/bin/make -j4 -f &quot;/mnt/win_d/projects/libCommon/Makefile&quot;  VERBOSE=1 clean"/>
					<DistClean command="/usr/bin/make -j4 -f &quot;/mnt/win_d/projects/libCommon/Makefile&quot;  VERBOSE=1 clean"/>
				</MakeCommands>
			</Target>
			<Target title="edit_cache">
				<Option working_dir="/mnt/win_d/projects/libCommon"/>
				<Option type="4"/>
				<MakeCommands>
					<Build command="/usr/bin/make -j4 -f &quot;/mnt/win_d/projects/libCommon/Makefile&quot;  VERBOSE=1 edit_cache"/>
					<CompileFile command="/usr/bin/make -j4 -f &quot;/mnt/win_d/projects/libCommon/Makefile&quot;  VERBOSE=1 &quot;$file&quot;"/>
					<Clean command="/usr/bin/make -j4 -f &quot;/mnt/win_d/projects/libCommon/Makefile&quot;  VERBOSE=1 clean"/>
					<DistClean command="/usr/bin/make -j4 -f &quot;/mnt/win_d/projects/libCommon/Makefile&quot;  VERBOSE=1 clean"/>
				</MakeCommands>
			</Target>
			<Target title="rebuild_cache">
				<Option working_dir="/mnt/win_d/projects/libCommon"/>
				<Option type="4"/>
				<MakeCommands>
					<Build command="/usr/bin/make -j4 -f &quot;/mnt/win_d/projects/libCommon/Makefile&quot;  VERBOSE=1 rebuild_cache"/>
					<CompileFile command="/usr/bin/make -j4 -f &quot;/mnt/win_d/projects/libCommon/Makefile&quot;  VERBOSE=1 &quot;$file&quot;"/>
					<Clean command="/usr/bin/make -j4 -f &quot;/mnt/win_d/projects/libCommon/Makefile&quot;  VERBOSE=1 clean"/>
					<DistClean command="/usr/bin/make -j4 -f &quot;/mnt/win_d/projects/libCommon/Makefile&quot;  VERBOSE=1 clean"/>
				</MakeCommands>
			</Target>
			<Target title="list_install_components">
				<Option working_dir="/mnt/win_d/projects/libCommon"/>
				<Option type="4"/>
				<MakeCommands>
					<Build command="/usr/bin/make -j4 -f &quot;/mnt/win_d/projects/libCommon/Makefile&quot;  VERBOSE=1 list_install_components"/>
					<CompileFile command="/usr/bin/make -j4 -f &quot;/mnt/win_d/projects/libCommon/Makefile&quot;  VERBOSE=1 &quot;$file&quot;"/>
					<Clean command="/usr/bin/make -j4 -f &quot;/mnt/win_d/projects/libCommon/Makefile&quot;  VERBOSE=1 clean"/>
					<DistClean command="/usr/bin/make -j4 -f &quot;/mnt/win_d/projects/libCommon/Makefile&quot;  VERBOSE=1 clean"/>
				</MakeCommands>
			</Target>
			<Target title="Common">
				<Option output="/mnt/win_d/projects/libCommon/src/libCommon.a" prefix_auto="0" extension_auto="0"/>
				<Option working_dir="/mnt/win_d/projects/libCommon/src"/>
				<Option object_output="./"/>
				<Option type="2"/>
				<Option compiler="gcc"/>
				<Compiler>
					<Add option="-DACE_HAS_DLL"/>
					<Add option="-D_DEBUG"/>
					<Add option="-DCOMMON_NTRACE=1"/>
					<Add option="-D_GNU_SOURCE"/>
					<Add option="-DHAVE_CONFIG_H"/>
					<Add option="-D_GLIBCXX_USE_CXX11_ABI=0"/>
					<Add directory="/mnt/win_d/projects/libCommon/src/../modules/ACE"/>
					<Add directory="/mnt/win_d/projects/libCommon/src/.."/>
					<Add directory="/usr/include/c++/6"/>
					<Add directory="/usr/include/x86_64-linux-gnu/c++/6"/>
					<Add directory="/usr/include/c++/6/backward"/>
					<Add directory="/usr/lib/gcc/x86_64-linux-gnu/6/include"/>
					<Add directory="/usr/local/include"/>
					<Add directory="/usr/lib/gcc/x86_64-linux-gnu/6/include-fixed"/>
					<Add directory="/usr/include/x86_64-linux-gnu"/>
					<Add directory="/usr/include"/>
				</Compiler>
				<MakeCommands>
					<Build command="/usr/bin/make -j4 -f &quot;/mnt/win_d/projects/libCommon/src/Makefile&quot;  VERBOSE=1 Common"/>
					<CompileFile command="/usr/bin/make -j4 -f &quot;/mnt/win_d/projects/libCommon/src/Makefile&quot;  VERBOSE=1 &quot;$file&quot;"/>
					<Clean command="/usr/bin/make -j4 -f &quot;/mnt/win_d/projects/libCommon/src/Makefile&quot;  VERBOSE=1 clean"/>
					<DistClean command="/usr/bin/make -j4 -f &quot;/mnt/win_d/projects/libCommon/src/Makefile&quot;  VERBOSE=1 clean"/>
				</MakeCommands>
			</Target>
			<Target title="Common/fast">
				<Option output="/mnt/win_d/projects/libCommon/src/libCommon.a" prefix_auto="0" extension_auto="0"/>
				<Option working_dir="/mnt/win_d/projects/libCommon/src"/>
				<Option object_output="./"/>
				<Option type="2"/>
				<Option compiler="gcc"/>
				<Compiler>
					<Add option="-DACE_HAS_DLL"/>
					<Add option="-D_DEBUG"/>
					<Add option="-DCOMMON_NTRACE=1"/>
					<Add option="-D_GNU_SOURCE"/>
					<Add option="-DHAVE_CONFIG_H"/>
					<Add option="-D_GLIBCXX_USE_CXX11_ABI=0"/>
					<Add directory="/mnt/win_d/projects/libCommon/src/../modules/ACE"/>
					<Add directory="/mnt/win_d/projects/libCommon/src/.."/>
					<Add directory="/usr/include/c++/6"/>
					<Add directory="/usr/include/x86_64-linux-gnu/c++/6"/>
					<Add directory="/usr/include/c++/6/backward"/>
					<Add directory="/usr/lib/gcc/x86_64-linux-gnu/6/include"/>
					<Add directory="/usr/local/include"/>
					<Add directory="/usr/lib/gcc/x86_64-linux-gnu/6/include-fixed"/>
					<Add directory="/usr/include/x86_64-linux-gnu"/>
					<Add directory="/usr/include"/>
				</Compiler>
				<MakeCommands>
					<Build command="/usr/bin/make -j4 -f &quot;/mnt/win_d/projects/libCommon/src/Makefile&quot;  VERBOSE=1 Common/fast"/>
					<CompileFile command="/usr/bin/make -j4 -f &quot;/mnt/win_d/projects/libCommon/src/Makefile&quot;  VERBOSE=1 &quot;$file&quot;"/>
					<Clean command="/usr/bin/make -j4 -f &quot;/mnt/win_d/projects/libCommon/src/Makefile&quot;  VERBOSE=1 clean"/>
					<DistClean command="/usr/bin/make -j4 -f &quot;/mnt/win_d/projects/libCommon/src/Makefile&quot;  VERBOSE=1 clean"/>
				</MakeCommands>
			</Target>
			<Target title="all_pch">
				<Option working_dir="/mnt/win_d/projects/libCommon/src"/>
				<Option type="4"/>
				<MakeCommands>
					<Build command="/usr/bin/make -j4 -f &quot;/mnt/win_d/projects/libCommon/src/Makefile&quot;  VERBOSE=1 all_pch"/>
					<CompileFile command="/usr/bin/make -j4 -f &quot;/mnt/win_d/projects/libCommon/src/Makefile&quot;  VERBOSE=1 &quot;$file&quot;"/>
					<Clean command="/usr/bin/make -j4 -f &quot;/mnt/win_d/projects/libCommon/src/Makefile&quot;  VERBOSE=1 clean"/>
					<DistClean command="/usr/bin/make -j4 -f &quot;/mnt/win_d/projects/libCommon/src/Makefile&quot;  VERBOSE=1 clean"/>
				</MakeCommands>
			</Target>
			<Target title="clean_cotire">
				<Option working_dir="/mnt/win_d/projects/libCommon/src"/>
				<Option type="4"/>
				<MakeCommands>
					<Build command="/usr/bin/make -j4 -f &quot;/mnt/win_d/projects/libCommon/src/Makefile&quot;  VERBOSE=1 clean_cotire"/>
					<CompileFile command="/usr/bin/make -j4 -f &quot;/mnt/win_d/projects/libCommon/src/Makefile&quot;  VERBOSE=1 &quot;$file&quot;"/>
					<Clean command="/usr/bin/make -j4 -f &quot;/mnt/win_d/projects/libCommon/src/Makefile&quot;  VERBOSE=1 clean"/>
					<DistClean command="/usr/bin/make -j4 -f &quot;/mnt/win_d/projects/libCommon/src/Makefile&quot;  VERBOSE=1 clean"/>
				</MakeCommands>
			</Target>
			<Target title="Common_pch">
				<Option working_dir="/mnt/win_d/projects/libCommon/src"/>
				<Option type="4"/>
				<MakeCommands>
					<Build command="/usr/bin/make -j4 -f &quot;/mnt/win_d/projects/libCommon/src/Makefile&quot;  VERBOSE=1 Common_pch"/>
					<CompileFile command="/usr/bin/make -j4 -f &quot;/mnt/win_d/projects/libCommon/src/Makefile&quot;  VERBOSE=1 &quot;$file&quot;"/>
					<Clean command="/usr/bin/make -j4 -f &quot;/mnt/win_d/projects/libCommon/src/Makefile&quot;  VERBOSE=1 clean"/>
					<DistClean command="/usr/bin/make -j4 -f &quot;/mnt/win_d/projects/libCommon/src/Makefile&quot;  VERBOSE=1 clean"/>
				</MakeCommands>
			</Target>
			<Target title="CommonImage">
				<Option output="/mnt/win_d/projects/libCommon/src/image/libCommonImage.a" prefix_auto="0" extension_auto="0"/>
				<Option working_dir="/mnt/win_d/projects/libCommon/src/image"/>
				<Option object_output="./"/>
				<Option type="2"/>
				<Option compiler="gcc"/>
				<Compiler>
					<Add option="-D_DEBUG"/>
					<Add option="-DCOMMON_NTRACE=1"/>
					<Add option="-D_GNU_SOURCE"/>
					<Add option="-DHAVE_CONFIG_H"/>
					<Add option="-D_GLIBCXX_USE_CXX11_ABI=0"/>
					<Add directory="/mnt/win_d/projects/libCommon/src/../modules/ACE"/>
					<Add directory="/mnt/win_d/projects/libCommon/src/.."/>
					<Add directory="/usr/include/x86_64-linux-gnu"/>
					<Add directory="/mnt/win_d/projects/libCommon/src/image/../../modules/ACE"/>
					<Add directory="/mnt/win_d/projects/libCommon/src/image/.."/>
					<Add directory="/usr/include/c++/6"/>
					<Add directory="/usr/include/x86_64-linux-gnu/c++/6"/>
					<Add directory="/usr/include/c++/6/backward"/>
					<Add directory="/usr/lib/gcc/x86_64-linux-gnu/6/include"/>
					<Add directory="/usr/local/include"/>
					<Add directory="/usr/lib/gcc/x86_64-linux-gnu/6/include-fixed"/>
					<Add directory="/usr/include"/>
				</Compiler>
				<MakeCommands>
					<Build command="/usr/bin/make -j4 -f &quot;/mnt/win_d/projects/libCommon/src/image/Makefile&quot;  VERBOSE=1 CommonImage"/>
					<CompileFile command="/usr/bin/make -j4 -f &quot;/mnt/win_d/projects/libCommon/src/image/Makefile&quot;  VERBOSE=1 &quot;$file&quot;"/>
					<Clean command="/usr/bin/make -j4 -f &quot;/mnt/win_d/projects/libCommon/src/image/Makefile&quot;  VERBOSE=1 clean"/>
					<DistClean command="/usr/bin/make -j4 -f &quot;/mnt/win_d/projects/libCommon/src/image/Makefile&quot;  VERBOSE=1 clean"/>
				</MakeCommands>
			</Target>
			<Target title="CommonImage/fast">
				<Option output="/mnt/win_d/projects/libCommon/src/image/libCommonImage.a" prefix_auto="0" extension_auto="0"/>
				<Option working_dir="/mnt/win_d/projects/libCommon/src/image"/>
				<Option object_output="./"/>
				<Option type="2"/>
				<Option compiler="gcc"/>
				<Compiler>
					<Add option="-D_DEBUG"/>
					<Add option="-DCOMMON_NTRACE=1"/>
					<Add option="-D_GNU_SOURCE"/>
					<Add option="-DHAVE_CONFIG_H"/>
					<Add option="-D_GLIBCXX_USE_CXX11_ABI=0"/>
					<Add directory="/mnt/win_d/projects/libCommon/src/../modules/ACE"/>
					<Add directory="/mnt/win_d/projects/libCommon/src/.."/>
					<Add directory="/usr/include/x86_64-linux-gnu"/>
					<Add directory="/mnt/win_d/projects/libCommon/src/image/../../modules/ACE"/>
					<Add directory="/mnt/win_d/projects/libCommon/src/image/.."/>
					<Add directory="/usr/include/c++/6"/>
					<Add directory="/usr/include/x86_64-linux-gnu/c++/6"/>
					<Add directory="/usr/include/c++/6/backward"/>
					<Add directory="/usr/lib/gcc/x86_64-linux-gnu/6/include"/>
					<Add directory="/usr/local/include"/>
					<Add directory="/usr/lib/gcc/x86_64-linux-gnu/6/include-fixed"/>
					<Add directory="/usr/include"/>
				</Compiler>
				<MakeCommands>
					<Build command="/usr/bin/make -j4 -f &quot;/mnt/win_d/projects/libCommon/src/image/Makefile&quot;  VERBOSE=1 CommonImage/fast"/>
					<CompileFile command="/usr/bin/make -j4 -f &quot;/mnt/win_d/projects/libCommon/src/image/Makefile&quot;  VERBOSE=1 &quot;$file&quot;"/>
					<Clean command="/usr/bin/make -j4 -f &quot;/mnt/win_d/projects/libCommon/src/image/Makefile&quot;  VERBOSE=1 clean"/>
					<DistClean command="/usr/bin/make -j4 -f &quot;/mnt/win_d/projects/libCommon/src/image/Makefile&quot;  VERBOSE=1 clean"/>
				</MakeCommands>
			</Target>
			<Target title="CommonMath_pch">
				<Option working_dir="/mnt/win_d/projects/libCommon/src/math"/>
				<Option type="4"/>
				<MakeCommands>
					<Build command="/usr/bin/make -j4 -f &quot;/mnt/win_d/projects/libCommon/src/math/Makefile&quot;  VERBOSE=1 CommonMath_pch"/>
					<CompileFile command="/usr/bin/make -j4 -f &quot;/mnt/win_d/projects/libCommon/src/math/Makefile&quot;  VERBOSE=1 &quot;$file&quot;"/>
					<Clean command="/usr/bin/make -j4 -f &quot;/mnt/win_d/projects/libCommon/src/math/Makefile&quot;  VERBOSE=1 clean"/>
					<DistClean command="/usr/bin/make -j4 -f &quot;/mnt/win_d/projects/libCommon/src/math/Makefile&quot;  VERBOSE=1 clean"/>
				</MakeCommands>
			</Target>
			<Target title="CommonMath">
				<Option output="/mnt/win_d/projects/libCommon/src/math/libCommonMath.a" prefix_auto="0" extension_auto="0"/>
				<Option working_dir="/mnt/win_d/projects/libCommon/src/math"/>
				<Option object_output="./"/>
				<Option type="2"/>
				<Option compiler="gcc"/>
				<Compiler>
					<Add option="-D_DEBUG"/>
					<Add option="-DCOMMON_NTRACE=1"/>
					<Add option="-D_GNU_SOURCE"/>
					<Add option="-DHAVE_CONFIG_H"/>
					<Add option="-D_GLIBCXX_USE_CXX11_ABI=0"/>
					<Add option="-D_USE_MATH_DEFINES"/>
					<Add directory="/mnt/win_d/projects/libCommon/src/../modules/ACE"/>
					<Add directory="/mnt/win_d/projects/libCommon/src/.."/>
					<Add directory="/mnt/win_d/projects/libCommon/src/math/../../modules/ACE"/>
					<Add directory="/mnt/win_d/projects/libCommon/src/math/.."/>
					<Add directory="/usr/include/c++/6"/>
					<Add directory="/usr/include/x86_64-linux-gnu/c++/6"/>
					<Add directory="/usr/include/c++/6/backward"/>
					<Add directory="/usr/lib/gcc/x86_64-linux-gnu/6/include"/>
					<Add directory="/usr/local/include"/>
					<Add directory="/usr/lib/gcc/x86_64-linux-gnu/6/include-fixed"/>
					<Add directory="/usr/include/x86_64-linux-gnu"/>
					<Add directory="/usr/include"/>
				</Compiler>
				<MakeCommands>
					<Build command="/usr/bin/make -j4 -f &quot;/mnt/win_d/projects/libCommon/src/math/Makefile&quot;  VERBOSE=1 CommonMath"/>
					<CompileFile command="/usr/bin/make -j4 -f &quot;/mnt/win_d/projects/libCommon/src/math/Makefile&quot;  VERBOSE=1 &quot;$file&quot;"/>
					<Clean command="/usr/bin/make -j4 -f &quot;/mnt/win_d/projects/libCommon/src/math/Makefile&quot;  VERBOSE=1 clean"/>
					<DistClean command="/usr/bin/make -j4 -f &quot;/mnt/win_d/projects/libCommon/src/math/Makefile&quot;  VERBOSE=1 clean"/>
				</MakeCommands>
			</Target>
			<Target title="CommonMath/fast">
				<Option output="/mnt/win_d/projects/libCommon/src/math/libCommonMath.a" prefix_auto="0" extension_auto="0"/>
				<Option working_dir="/mnt/win_d/projects/libCommon/src/math"/>
				<Option object_output="./"/>
				<Option type="2"/>
				<Option compiler="gcc"/>
				<Compiler>
					<Add option="-D_DEBUG"/>
					<Add option="-DCOMMON_NTRACE=1"/>
					<Add option="-D_GNU_SOURCE"/>
					<Add option="-DHAVE_CONFIG_H"/>
					<Add option="-D_GLIBCXX_USE_CXX11_ABI=0"/>
					<Add option="-D_USE_MATH_DEFINES"/>
					<Add directory="/mnt/win_d/projects/libCommon/src/../modules/ACE"/>
					<Add directory="/mnt/win_d/projects/libCommon/src/.."/>
					<Add directory="/mnt/win_d/projects/libCommon/src/math/../../modules/ACE"/>
					<Add directory="/mnt/win_d/projects/libCommon/src/math/.."/>
					<Add directory="/usr/include/c++/6"/>
					<Add directory="/usr/include/x86_64-linux-gnu/c++/6"/>
					<Add directory="/usr/include/c++/6/backward"/>
					<Add directory="/usr/lib/gcc/x86_64-linux-gnu/6/include"/>
					<Add directory="/usr/local/include"/>
					<Add directory="/usr/lib/gcc/x86_64-linux-gnu/6/include-fixed"/>
					<Add directory="/usr/include/x86_64-linux-gnu"/>
					<Add directory="/usr/include"/>
				</Compiler>
				<MakeCommands>
					<Build command="/usr/bin/make -j4 -f &quot;/mnt/win_d/projects/libCommon/src/math/Makefile&quot;  VERBOSE=1 CommonMath/fast"/>
					<CompileFile command="/usr/bin/make -j4 -f &quot;/mnt/win_d/projects/libCommon/src/math/Makefile&quot;  VERBOSE=1 &quot;$file&quot;"/>
					<Clean command="/usr/bin/make -j4 -f &quot;/mnt/win_d/projects/libCommon/src/math/Makefile&quot;  VERBOSE=1 clean"/>
					<DistClean command="/usr/bin/make -j4 -f &quot;/mnt/win_d/projects/libCommon/src/math/Makefile&quot;  VERBOSE=1 clean"/>
				</MakeCommands>
			</Target>
			<Target title="CommonUI_pch">
				<Option working_dir="/mnt/win_d/projects/libCommon/src/ui"/>
				<Option type="4"/>
				<MakeCommands>
					<Build command="/usr/bin/make -j4 -f &quot;/mnt/win_d/projects/libCommon/src/ui/Makefile&quot;  VERBOSE=1 CommonUI_pch"/>
					<CompileFile command="/usr/bin/make -j4 -f &quot;/mnt/win_d/projects/libCommon/src/ui/Makefile&quot;  VERBOSE=1 &quot;$file&quot;"/>
					<Clean command="/usr/bin/make -j4 -f &quot;/mnt/win_d/projects/libCommon/src/ui/Makefile&quot;  VERBOSE=1 clean"/>
					<DistClean command="/usr/bin/make -j4 -f &quot;/mnt/win_d/projects/libCommon/src/ui/Makefile&quot;  VERBOSE=1 clean"/>
				</MakeCommands>
			</Target>
			<Target title="CommonUI">
				<Option output="/mnt/win_d/projects/libCommon/src/ui/libCommonUI.a" prefix_auto="0" extension_auto="0"/>
				<Option working_dir="/mnt/win_d/projects/libCommon/src/ui"/>
				<Option object_output="./"/>
				<Option type="2"/>
				<Option compiler="gcc"/>
				<Compiler>
					<Add option="-D_DEBUG"/>
					<Add option="-DCOMMON_NTRACE=1"/>
					<Add option="-D_GNU_SOURCE"/>
					<Add option="-DHAVE_CONFIG_H"/>
					<Add option="-D_GLIBCXX_USE_CXX11_ABI=0"/>
					<Add option="-DGTKGL_SUPPORT"/>
					<Add option="-DGTKGLAREA_SUPPORT"/>
					<Add directory="/mnt/win_d/projects/libCommon/src/../modules/ACE"/>
					<Add directory="/mnt/win_d/projects/libCommon/src/.."/>
					<Add directory="/usr/include/gtk-3.0"/>
					<Add directory="/usr/include/at-spi2-atk/2.0"/>
					<Add directory="/usr/include/at-spi-2.0"/>
					<Add directory="/usr/include/dbus-1.0"/>
					<Add directory="/usr/lib/x86_64-linux-gnu/dbus-1.0/include"/>
					<Add directory="/usr/include/gio-unix-2.0"/>
					<Add directory="/usr/include/cairo"/>
					<Add directory="/usr/include/pango-1.0"/>
					<Add directory="/usr/include/harfbuzz"/>
					<Add directory="/usr/include/atk-1.0"/>
					<Add directory="/usr/include/pixman-1"/>
					<Add directory="/usr/include/freetype2"/>
					<Add directory="/usr/include/libpng16"/>
					<Add directory="/usr/include/gdk-pixbuf-2.0"/>
					<Add directory="/usr/include/glib-2.0"/>
					<Add directory="/usr/lib/x86_64-linux-gnu/glib-2.0/include"/>
					<Add directory="/mnt/win_d/projects/libCommon/src/ui/../../../gtkglarea"/>
					<Add directory="/mnt/win_d/projects/libCommon/src/ui/../../modules/ACE"/>
					<Add directory="/mnt/win_d/projects/libCommon/src/ui/.."/>
					<Add directory="/mnt/win_d/projects/libCommon/src/ui/../.."/>
					<Add directory="/usr/include/c++/6"/>
					<Add directory="/usr/include/x86_64-linux-gnu/c++/6"/>
					<Add directory="/usr/include/c++/6/backward"/>
					<Add directory="/usr/lib/gcc/x86_64-linux-gnu/6/include"/>
					<Add directory="/usr/local/include"/>
					<Add directory="/usr/lib/gcc/x86_64-linux-gnu/6/include-fixed"/>
					<Add directory="/usr/include/x86_64-linux-gnu"/>
					<Add directory="/usr/include"/>
				</Compiler>
				<MakeCommands>
					<Build command="/usr/bin/make -j4 -f &quot;/mnt/win_d/projects/libCommon/src/ui/Makefile&quot;  VERBOSE=1 CommonUI"/>
					<CompileFile command="/usr/bin/make -j4 -f &quot;/mnt/win_d/projects/libCommon/src/ui/Makefile&quot;  VERBOSE=1 &quot;$file&quot;"/>
					<Clean command="/usr/bin/make -j4 -f &quot;/mnt/win_d/projects/libCommon/src/ui/Makefile&quot;  VERBOSE=1 clean"/>
					<DistClean command="/usr/bin/make -j4 -f &quot;/mnt/win_d/projects/libCommon/src/ui/Makefile&quot;  VERBOSE=1 clean"/>
				</MakeCommands>
			</Target>
			<Target title="CommonUI/fast">
				<Option output="/mnt/win_d/projects/libCommon/src/ui/libCommonUI.a" prefix_auto="0" extension_auto="0"/>
				<Option working_dir="/mnt/win_d/projects/libCommon/src/ui"/>
				<Option object_output="./"/>
				<Option type="2"/>
				<Option compiler="gcc"/>
				<Compiler>
					<Add option="-D_DEBUG"/>
					<Add option="-DCOMMON_NTRACE=1"/>
					<Add option="-D_GNU_SOURCE"/>
					<Add option="-DHAVE_CONFIG_H"/>
					<Add option="-D_GLIBCXX_USE_CXX11_ABI=0"/>
					<Add option="-DGTKGL_SUPPORT"/>
					<Add option="-DGTKGLAREA_SUPPORT"/>
					<Add directory="/mnt/win_d/projects/libCommon/src/../modules/ACE"/>
					<Add directory="/mnt/win_d/projects/libCommon/src/.."/>
					<Add directory="/usr/include/gtk-3.0"/>
					<Add directory="/usr/include/at-spi2-atk/2.0"/>
					<Add directory="/usr/include/at-spi-2.0"/>
					<Add directory="/usr/include/dbus-1.0"/>
					<Add directory="/usr/lib/x86_64-linux-gnu/dbus-1.0/include"/>
					<Add directory="/usr/include/gio-unix-2.0"/>
					<Add directory="/usr/include/cairo"/>
					<Add directory="/usr/include/pango-1.0"/>
					<Add directory="/usr/include/harfbuzz"/>
					<Add directory="/usr/include/atk-1.0"/>
					<Add directory="/usr/include/pixman-1"/>
					<Add directory="/usr/include/freetype2"/>
					<Add directory="/usr/include/libpng16"/>
					<Add directory="/usr/include/gdk-pixbuf-2.0"/>
					<Add directory="/usr/include/glib-2.0"/>
					<Add directory="/usr/lib/x86_64-linux-gnu/glib-2.0/include"/>
					<Add directory="/mnt/win_d/projects/libCommon/src/ui/../../../gtkglarea"/>
					<Add directory="/mnt/win_d/projects/libCommon/src/ui/../../modules/ACE"/>
					<Add directory="/mnt/win_d/projects/libCommon/src/ui/.."/>
					<Add directory="/mnt/win_d/projects/libCommon/src/ui/../.."/>
					<Add directory="/usr/include/c++/6"/>
					<Add directory="/usr/include/x86_64-linux-gnu/c++/6"/>
					<Add directory="/usr/include/c++/6/backward"/>
					<Add directory="/usr/lib/gcc/x86_64-linux-gnu/6/include"/>
					<Add directory="/usr/local/include"/>
					<Add directory="/usr/lib/gcc/x86_64-linux-gnu/6/include-fixed"/>
					<Add directory="/usr/include/x86_64-linux-gnu"/>
					<Add directory="/usr/include"/>
				</Compiler>
				<MakeCommands>
					<Build command="/usr/bin/make -j4 -f &quot;/mnt/win_d/projects/libCommon/src/ui/Makefile&quot;  VERBOSE=1 CommonUI/fast"/>
					<CompileFile command="/usr/bin/make -j4 -f &quot;/mnt/win_d/projects/libCommon/src/ui/Makefile&quot;  VERBOSE=1 &quot;$file&quot;"/>
					<Clean command="/usr/bin/make -j4 -f &quot;/mnt/win_d/projects/libCommon/src/ui/Makefile&quot;  VERBOSE=1 clean"/>
					<DistClean command="/usr/bin/make -j4 -f &quot;/mnt/win_d/projects/libCommon/src/ui/Makefile&quot;  VERBOSE=1 clean"/>
				</MakeCommands>
			</Target>
		</Build>
		<Unit filename="/mnt/win_d/projects/libCommon/src/common.h">
			<Option target="Common"/>
		</Unit>
		<Unit filename="/mnt/win_d/projects/libCommon/src/common_defines.h">
			<Option target="Common"/>
		</Unit>
		<Unit filename="/mnt/win_d/projects/libCommon/src/common_exports.h">
			<Option target="Common"/>
		</Unit>
		<Unit filename="/mnt/win_d/projects/libCommon/src/common_file_tools.cpp">
			<Option target="Common"/>
		</Unit>
		<Unit filename="/mnt/win_d/projects/libCommon/src/common_file_tools.h">
			<Option target="Common"/>
		</Unit>
		<Unit filename="/mnt/win_d/projects/libCommon/src/common_iclone.h">
			<Option target="Common"/>
		</Unit>
		<Unit filename="/mnt/win_d/projects/libCommon/src/common_icounter.h">
			<Option target="Common"/>
		</Unit>
		<Unit filename="/mnt/win_d/projects/libCommon/src/common_idumpstate.h">
			<Option target="Common"/>
		</Unit>
		<Unit filename="/mnt/win_d/projects/libCommon/src/common_iget.h">
			<Option target="Common"/>
		</Unit>
		<Unit filename="/mnt/win_d/projects/libCommon/src/common_iinitialize.h">
			<Option target="Common"/>
		</Unit>
		<Unit filename="/mnt/win_d/projects/libCommon/src/common_ilock.h">
			<Option target="Common"/>
		</Unit>
		<Unit filename="/mnt/win_d/projects/libCommon/src/common_inotify.h">
			<Option target="Common"/>
		</Unit>
		<Unit filename="/mnt/win_d/projects/libCommon/src/common_ireferencecount.h">
			<Option target="Common"/>
		</Unit>
		<Unit filename="/mnt/win_d/projects/libCommon/src/common_iscanner.h">
			<Option target="Common"/>
		</Unit>
		<Unit filename="/mnt/win_d/projects/libCommon/src/common_isignal.h">
			<Option target="Common"/>
		</Unit>
		<Unit filename="/mnt/win_d/projects/libCommon/src/common_istatemachine.h">
			<Option target="Common"/>
		</Unit>
		<Unit filename="/mnt/win_d/projects/libCommon/src/common_istatistic.h">
			<Option target="Common"/>
		</Unit>
		<Unit filename="/mnt/win_d/projects/libCommon/src/common_isubscribe.h">
			<Option target="Common"/>
		</Unit>
		<Unit filename="/mnt/win_d/projects/libCommon/src/common_itask.h">
			<Option target="Common"/>
		</Unit>
		<Unit filename="/mnt/win_d/projects/libCommon/src/common_itaskcontrol.h">
			<Option target="Common"/>
		</Unit>
		<Unit filename="/mnt/win_d/projects/libCommon/src/common_itimer.h">
			<Option target="Common"/>
		</Unit>
		<Unit filename="/mnt/win_d/projects/libCommon/src/common_itimerhandler.h">
			<Option target="Common"/>
		</Unit>
		<Unit filename="/mnt/win_d/projects/libCommon/src/common_logger.cpp">
			<Option target="Common"/>
		</Unit>
		<Unit filename="/mnt/win_d/projects/libCommon/src/common_logger.h">
			<Option target="Common"/>
		</Unit>
		<Unit filename="/mnt/win_d/projects/libCommon/src/common_logger.inl">
			<Option target="Common"/>
		</Unit>
		<Unit filename="/mnt/win_d/projects/libCommon/src/common_macros.h">
			<Option target="Common"/>
		</Unit>
		<Unit filename="/mnt/win_d/projects/libCommon/src/common_referencecounter_base.cpp">
			<Option target="Common"/>
		</Unit>
		<Unit filename="/mnt/win_d/projects/libCommon/src/common_referencecounter_base.h">
			<Option target="Common"/>
		</Unit>
		<Unit filename="/mnt/win_d/projects/libCommon/src/common_signalhandler.cpp">
			<Option target="Common"/>
		</Unit>
		<Unit filename="/mnt/win_d/projects/libCommon/src/common_signalhandler.h">
			<Option target="Common"/>
		</Unit>
		<Unit filename="/mnt/win_d/projects/libCommon/src/common_signalhandler.inl">
			<Option target="Common"/>
		</Unit>
		<Unit filename="/mnt/win_d/projects/libCommon/src/common_statemachine_base.cpp">
			<Option target="Common"/>
		</Unit>
		<Unit filename="/mnt/win_d/projects/libCommon/src/common_statemachine_base.h">
			<Option target="Common"/>
		</Unit>
		<Unit filename="/mnt/win_d/projects/libCommon/src/common_statemachine_base.inl">
			<Option target="Common"/>
		</Unit>
		<Unit filename="/mnt/win_d/projects/libCommon/src/common_task_base.cpp">
			<Option target="Common"/>
		</Unit>
		<Unit filename="/mnt/win_d/projects/libCommon/src/common_task_base.h">
			<Option target="Common"/>
		</Unit>
		<Unit filename="/mnt/win_d/projects/libCommon/src/common_task_base.inl">
			<Option target="Common"/>
		</Unit>
		<Unit filename="/mnt/win_d/projects/libCommon/src/common_time_common.h">
			<Option target="Common"/>
		</Unit>
		<Unit filename="/mnt/win_d/projects/libCommon/src/common_timer_common.h">
			<Option target="Common"/>
		</Unit>
		<Unit filename="/mnt/win_d/projects/libCommon/src/common_timer_manager.cpp">
			<Option target="Common"/>
		</Unit>
		<Unit filename="/mnt/win_d/projects/libCommon/src/common_timer_manager.h">
			<Option target="Common"/>
		</Unit>
		<Unit filename="/mnt/win_d/projects/libCommon/src/common_timer_manager.inl">
			<Option target="Common"/>
		</Unit>
		<Unit filename="/mnt/win_d/projects/libCommon/src/common_timer_manager_common.h">
			<Option target="Common"/>
		</Unit>
		<Unit filename="/mnt/win_d/projects/libCommon/src/common_timerhandler.cpp">
			<Option target="Common"/>
		</Unit>
		<Unit filename="/mnt/win_d/projects/libCommon/src/common_timerhandler.h">
			<Option target="Common"/>
		</Unit>
		<Unit filename="/mnt/win_d/projects/libCommon/src/common_tools.cpp">
			<Option target="Common"/>
		</Unit>
		<Unit filename="/mnt/win_d/projects/libCommon/src/common_tools.h">
			<Option target="Common"/>
		</Unit>
		<Unit filename="/mnt/win_d/projects/libCommon/src/cotire/Common_CXX_prefix.cxx.rule">
			<Option target="Common"/>
		</Unit>
		<Unit filename="/mnt/win_d/projects/libCommon/src/cotire/Common_CXX_prefix.hxx.gch.rule">
			<Option target="Common"/>
		</Unit>
		<Unit filename="/mnt/win_d/projects/libCommon/src/cotire/Common_CXX_prefix.hxx.rule">
			<Option target="Common"/>
		</Unit>
		<Unit filename="/mnt/win_d/projects/libCommon/src/image/common_image_exports.h">
			<Option target="CommonImage"/>
		</Unit>
		<Unit filename="/mnt/win_d/projects/libCommon/src/image/common_image_tools.cpp">
			<Option target="CommonImage"/>
		</Unit>
		<Unit filename="/mnt/win_d/projects/libCommon/src/image/common_image_tools.h">
			<Option target="CommonImage"/>
		</Unit>
		<Unit filename="/mnt/win_d/projects/libCommon/src/image/cotire/CommonImage_CXX_prefix.cxx.rule">
			<Option target="CommonImage"/>
		</Unit>
		<Unit filename="/mnt/win_d/projects/libCommon/src/image/cotire/CommonImage_CXX_prefix.hxx.rule">
			<Option target="CommonImage"/>
		</Unit>
		<Unit filename="/mnt/win_d/projects/libCommon/src/image/stdafx.cpp">
			<Option target="CommonImage"/>
		</Unit>
		<Unit filename="/mnt/win_d/projects/libCommon/src/image/stdafx.h">
			<Option target="CommonImage"/>
		</Unit>
		<Unit filename="/mnt/win_d/projects/libCommon/src/math/common_math_exports.h">
			<Option target="CommonMath"/>
		</Unit>
		<Unit filename="/mnt/win_d/projects/libCommon/src/math/common_math_fft.cpp">
			<Option target="CommonMath"/>
		</Unit>
		<Unit filename="/mnt/win_d/projects/libCommon/src/math/common_math_fft.h">
			<Option target="CommonMath"/>
		</Unit>
		<Unit filename="/mnt/win_d/projects/libCommon/src/math/common_math_sample.cpp">
			<Option target="CommonMath"/>
		</Unit>
		<Unit filename="/mnt/win_d/projects/libCommon/src/math/common_math_sample.h">
			<Option target="CommonMath"/>
		</Unit>
		<Unit filename="/mnt/win_d/projects/libCommon/src/math/common_math_sample.inl">
			<Option target="CommonMath"/>
		</Unit>
		<Unit filename="/mnt/win_d/projects/libCommon/src/math/cotire/CommonMath_CXX_prefix.cxx.rule">
			<Option target="CommonMath"/>
		</Unit>
		<Unit filename="/mnt/win_d/projects/libCommon/src/math/cotire/CommonMath_CXX_prefix.hxx.gch.rule">
			<Option target="CommonMath"/>
		</Unit>
		<Unit filename="/mnt/win_d/projects/libCommon/src/math/cotire/CommonMath_CXX_prefix.hxx.rule">
			<Option target="CommonMath"/>
		</Unit>
		<Unit filename="/mnt/win_d/projects/libCommon/src/math/stdafx.cpp">
			<Option target="CommonMath"/>
		</Unit>
		<Unit filename="/mnt/win_d/projects/libCommon/src/math/stdafx.h">
			<Option target="CommonMath"/>
		</Unit>
		<Unit filename="/mnt/win_d/projects/libCommon/src/stdafx.cpp">
			<Option target="Common"/>
		</Unit>
		<Unit filename="/mnt/win_d/projects/libCommon/src/stdafx.h">
			<Option target="Common"/>
		</Unit>
		<Unit filename="/mnt/win_d/projects/libCommon/src/ui/common_ui_common.h">
			<Option target="CommonUI"/>
		</Unit>
		<Unit filename="/mnt/win_d/projects/libCommon/src/ui/common_ui_defines.h">
			<Option target="CommonUI"/>
		</Unit>
		<Unit filename="/mnt/win_d/projects/libCommon/src/ui/common_ui_exports.h">
			<Option target="CommonUI"/>
		</Unit>
		<Unit filename="/mnt/win_d/projects/libCommon/src/ui/common_ui_gtk_builder_definition.cpp">
			<Option target="CommonUI"/>
		</Unit>
		<Unit filename="/mnt/win_d/projects/libCommon/src/ui/common_ui_gtk_builder_definition.h">
			<Option target="CommonUI"/>
		</Unit>
		<Unit filename="/mnt/win_d/projects/libCommon/src/ui/common_ui_gtk_builder_definition.inl">
			<Option target="CommonUI"/>
		</Unit>
		<Unit filename="/mnt/win_d/projects/libCommon/src/ui/common_ui_gtk_common.h">
			<Option target="CommonUI"/>
		</Unit>
		<Unit filename="/mnt/win_d/projects/libCommon/src/ui/common_ui_gtk_manager.cpp">
			<Option target="CommonUI"/>
		</Unit>
		<Unit filename="/mnt/win_d/projects/libCommon/src/ui/common_ui_gtk_manager.h">
			<Option target="CommonUI"/>
		</Unit>
		<Unit filename="/mnt/win_d/projects/libCommon/src/ui/common_ui_gtk_manager.inl">
			<Option target="CommonUI"/>
		</Unit>
		<Unit filename="/mnt/win_d/projects/libCommon/src/ui/common_ui_gtk_manager_common.h">
			<Option target="CommonUI"/>
		</Unit>
		<Unit filename="/mnt/win_d/projects/libCommon/src/ui/common_ui_igtk.h">
			<Option target="CommonUI"/>
		</Unit>
		<Unit filename="/mnt/win_d/projects/libCommon/src/ui/common_ui_tools.cpp">
			<Option target="CommonUI"/>
		</Unit>
		<Unit filename="/mnt/win_d/projects/libCommon/src/ui/common_ui_tools.h">
			<Option target="CommonUI"/>
		</Unit>
		<Unit filename="/mnt/win_d/projects/libCommon/src/ui/common_ui_types.h">
			<Option target="CommonUI"/>
		</Unit>
		<Unit filename="/mnt/win_d/projects/libCommon/src/ui/cotire/CommonUI_CXX_prefix.cxx.rule">
			<Option target="CommonUI"/>
		</Unit>
		<Unit filename="/mnt/win_d/projects/libCommon/src/ui/cotire/CommonUI_CXX_prefix.hxx.gch.rule">
			<Option target="CommonUI"/>
		</Unit>
		<Unit filename="/mnt/win_d/projects/libCommon/src/ui/cotire/CommonUI_CXX_prefix.hxx.rule">
			<Option target="CommonUI"/>
		</Unit>
		<Unit filename="/mnt/win_d/projects/libCommon/src/ui/stdafx.cpp">
			<Option target="CommonUI"/>
		</Unit>
		<Unit filename="/mnt/win_d/projects/libCommon/src/ui/stdafx.h">
			<Option target="CommonUI"/>
		</Unit>
		<Unit filename="/mnt/win_d/projects/libCommon/CMakeLists.txt">
			<Option virtualFolder="CMake Files\"/>
		</Unit>
		<Unit filename="/mnt/win_d/projects/libCommon/CommonConfig.cmake.in">
			<Option virtualFolder="CMake Files\"/>
		</Unit>
		<Unit filename="/mnt/win_d/projects/libCommon/CommonConfig.cmake.in">
			<Option virtualFolder="CMake Files\"/>
		</Unit>
		<Unit filename="/mnt/win_d/projects/libCommon/CommonConfigVersion.cmake.in">
			<Option virtualFolder="CMake Files\"/>
		</Unit>
		<Unit filename="/mnt/win_d/projects/libCommon/config.h.cmake.in">
			<Option virtualFolder="CMake Files\"/>
		</Unit>
		<Unit filename="/mnt/win_d/projects/libCommon/../cotire/CMake/cotire.cmake">
			<Option virtualFolder="CMake Files\..\cotire\CMake\"/>
		</Unit>
		<Unit filename="/mnt/win_d/projects/libCommon/src/CMakeLists.txt">
			<Option virtualFolder="CMake Files\src\"/>
		</Unit>
		<Unit filename="/mnt/win_d/projects/libCommon/src/image/CMakeLists.txt">
			<Option virtualFolder="CMake Files\src\image\"/>
		</Unit>
		<Unit filename="/mnt/win_d/projects/libCommon/src/math/CMakeLists.txt">
			<Option virtualFolder="CMake Files\src\math\"/>
		</Unit>
		<Unit filename="/mnt/win_d/projects/libCommon/src/ui/CMakeLists.txt">
			<Option virtualFolder="CMake Files\src\ui\"/>
		</Unit>
	</Project>
</CodeBlocks_project_file>
